
Microsoft Visual Studio Solution File, Format Version 12.00
# Visual Studio Version 16
VisualStudioVersion = 16.0.29230.47
MinimumVisualStudioVersion = 10.0.40219.1
Project("{FAE04EC0-301F-11D3-BF4B-00C04F79EFBC}") = "Homework_assignment", "Homework_assignment\Homework_assignment.csproj", "{AFB86F02-FAA5-49DC-87C1-1F20B0B0123B}"
EndProject
Global
	GlobalSection(SolutionConfigurationPlatforms) = preSolution
		Debug|Any CPU = Debug|Any CPU
		Release|Any CPU = Release|Any CPU
	EndGlobalSection
	GlobalSection(ProjectConfigurationPlatforms) = postSolution
		{AFB86F02-FAA5-49DC-87C1-1F20B0B0123B}.Debug|Any CPU.ActiveCfg = Debug|Any CPU
		{AFB86F02-FAA5-49DC-87C1-1F20B0B0123B}.Debug|Any CPU.Build.0 = Debug|Any CPU
		{AFB86F02-FAA5-49DC-87C1-1F20B0B0123B}.Release|Any CPU.ActiveCfg = Release|Any CPU
		{AFB86F02-FAA5-49DC-87C1-1F20B0B0123B}.Release|Any CPU.Build.0 = Release|Any CPU
	EndGlobalSection
	GlobalSection(SolutionProperties) = preSolution
		HideSolutionNode = FALSE
	EndGlobalSection
	GlobalSection(ExtensibilityGlobals) = postSolution
		SolutionGuid = {4EC5CB6E-861C-435D-A6D9-292B278D0AEC}
	EndGlobalSection
EndGlobal
